
Microsoft Visual Studio Solution File, Format Version 12.00
# Visual Studio 14
VisualStudioVersion = 14.0.25123.0
MinimumVisualStudioVersion = 10.0.40219.1
Project("{FAE04EC0-301F-11D3-BF4B-00C04F79EFBC}") = "rationally_visio", "rationally_visio.csproj", "{58DB14D1-FCFF-45B6-BCDD-D7F001C67609}"
EndProject
Project("{6141683F-8A12-4E36-9623-2EB02B2C2303}") = "Setup2", "..\Setup2\Setup2.isproj", "{FEACC585-1DB8-4CC6-A24E-5DBB9E9D3B67}"
	ProjectSection(ProjectDependencies) = postProject
		{58DB14D1-FCFF-45B6-BCDD-D7F001C67609} = {58DB14D1-FCFF-45B6-BCDD-D7F001C67609}
	EndProjectSection
EndProject
Global
	GlobalSection(SolutionConfigurationPlatforms) = preSolution
		CD_ROM|Any CPU = CD_ROM|Any CPU
		CD_ROM|x86 = CD_ROM|x86
		Debug|Any CPU = Debug|Any CPU
		Debug|x86 = Debug|x86
		DVD-5|Any CPU = DVD-5|Any CPU
		DVD-5|x86 = DVD-5|x86
		Release|Any CPU = Release|Any CPU
		Release|x86 = Release|x86
		SingleImage|Any CPU = SingleImage|Any CPU
		SingleImage|x86 = SingleImage|x86
	EndGlobalSection
	GlobalSection(ProjectConfigurationPlatforms) = postSolution
		{58DB14D1-FCFF-45B6-BCDD-D7F001C67609}.CD_ROM|Any CPU.ActiveCfg = Release|Any CPU
		{58DB14D1-FCFF-45B6-BCDD-D7F001C67609}.CD_ROM|Any CPU.Build.0 = Release|Any CPU
		{58DB14D1-FCFF-45B6-BCDD-D7F001C67609}.CD_ROM|x86.ActiveCfg = Release|Any CPU
		{58DB14D1-FCFF-45B6-BCDD-D7F001C67609}.CD_ROM|x86.Build.0 = Release|Any CPU
		{58DB14D1-FCFF-45B6-BCDD-D7F001C67609}.Debug|Any CPU.ActiveCfg = Debug|Any CPU
		{58DB14D1-FCFF-45B6-BCDD-D7F001C67609}.Debug|Any CPU.Build.0 = Debug|Any CPU
		{58DB14D1-FCFF-45B6-BCDD-D7F001C67609}.Debug|x86.ActiveCfg = Debug|Any CPU
		{58DB14D1-FCFF-45B6-BCDD-D7F001C67609}.Debug|x86.Build.0 = Debug|Any CPU
		{58DB14D1-FCFF-45B6-BCDD-D7F001C67609}.DVD-5|Any CPU.ActiveCfg = Debug|Any CPU
		{58DB14D1-FCFF-45B6-BCDD-D7F001C67609}.DVD-5|Any CPU.Build.0 = Debug|Any CPU
		{58DB14D1-FCFF-45B6-BCDD-D7F001C67609}.DVD-5|x86.ActiveCfg = Debug|Any CPU
		{58DB14D1-FCFF-45B6-BCDD-D7F001C67609}.DVD-5|x86.Build.0 = Debug|Any CPU
		{58DB14D1-FCFF-45B6-BCDD-D7F001C67609}.Release|Any CPU.ActiveCfg = Release|Any CPU
		{58DB14D1-FCFF-45B6-BCDD-D7F001C67609}.Release|Any CPU.Build.0 = Release|Any CPU
		{58DB14D1-FCFF-45B6-BCDD-D7F001C67609}.Release|x86.ActiveCfg = Release|Any CPU
		{58DB14D1-FCFF-45B6-BCDD-D7F001C67609}.Release|x86.Build.0 = Release|Any CPU
		{58DB14D1-FCFF-45B6-BCDD-D7F001C67609}.SingleImage|Any CPU.ActiveCfg = Release|Any CPU
		{58DB14D1-FCFF-45B6-BCDD-D7F001C67609}.SingleImage|Any CPU.Build.0 = Release|Any CPU
		{58DB14D1-FCFF-45B6-BCDD-D7F001C67609}.SingleImage|x86.ActiveCfg = Release|Any CPU
		{58DB14D1-FCFF-45B6-BCDD-D7F001C67609}.SingleImage|x86.Build.0 = Release|Any CPU
		{FEACC585-1DB8-4CC6-A24E-5DBB9E9D3B67}.CD_ROM|Any CPU.ActiveCfg = CD_ROM
		{FEACC585-1DB8-4CC6-A24E-5DBB9E9D3B67}.CD_ROM|Any CPU.Build.0 = CD_ROM
		{FEACC585-1DB8-4CC6-A24E-5DBB9E9D3B67}.CD_ROM|x86.ActiveCfg = CD_ROM
		{FEACC585-1DB8-4CC6-A24E-5DBB9E9D3B67}.CD_ROM|x86.Build.0 = CD_ROM
		{FEACC585-1DB8-4CC6-A24E-5DBB9E9D3B67}.Debug|Any CPU.ActiveCfg = DVD-5
		{FEACC585-1DB8-4CC6-A24E-5DBB9E9D3B67}.Debug|Any CPU.Build.0 = DVD-5
		{FEACC585-1DB8-4CC6-A24E-5DBB9E9D3B67}.Debug|x86.ActiveCfg = DVD-5
		{FEACC585-1DB8-4CC6-A24E-5DBB9E9D3B67}.Debug|x86.Build.0 = DVD-5
		{FEACC585-1DB8-4CC6-A24E-5DBB9E9D3B67}.DVD-5|Any CPU.ActiveCfg = DVD-5
		{FEACC585-1DB8-4CC6-A24E-5DBB9E9D3B67}.DVD-5|Any CPU.Build.0 = DVD-5
		{FEACC585-1DB8-4CC6-A24E-5DBB9E9D3B67}.DVD-5|x86.ActiveCfg = DVD-5
		{FEACC585-1DB8-4CC6-A24E-5DBB9E9D3B67}.DVD-5|x86.Build.0 = DVD-5
		{FEACC585-1DB8-4CC6-A24E-5DBB9E9D3B67}.Release|Any CPU.ActiveCfg = SingleImage
		{FEACC585-1DB8-4CC6-A24E-5DBB9E9D3B67}.Release|Any CPU.Build.0 = SingleImage
		{FEACC585-1DB8-4CC6-A24E-5DBB9E9D3B67}.Release|x86.ActiveCfg = SingleImage
		{FEACC585-1DB8-4CC6-A24E-5DBB9E9D3B67}.Release|x86.Build.0 = SingleImage
		{FEACC585-1DB8-4CC6-A24E-5DBB9E9D3B67}.SingleImage|Any CPU.ActiveCfg = SingleImage
		{FEACC585-1DB8-4CC6-A24E-5DBB9E9D3B67}.SingleImage|Any CPU.Build.0 = SingleImage
		{FEACC585-1DB8-4CC6-A24E-5DBB9E9D3B67}.SingleImage|x86.ActiveCfg = SingleImage
		{FEACC585-1DB8-4CC6-A24E-5DBB9E9D3B67}.SingleImage|x86.Build.0 = SingleImage
	EndGlobalSection
	GlobalSection(SolutionProperties) = preSolution
		HideSolutionNode = FALSE
	EndGlobalSection
EndGlobal
